{
  "name": "sandstone_types",
  "version": "0.0.1",
  "lockfileVersion": 1,
  "requires": true,
  "dependencies": {
    "@mcschema/core": {
      "version": "0.10.0-beta.6",
      "resolved": "https://registry.npmjs.org/@mcschema/core/-/core-0.10.0-beta.6.tgz",
      "integrity": "sha512-52QcHOBuATSL9dqI3fuNMexuJFwwF9NrtILs+IzkwAt/40e7VnR29doJW8P3JkNcZ2a9BaVtw5ExfbePj9rTFg=="
    },
    "typescript": {
      "version": "4.0.3",
      "resolved": "https://registry.npmjs.org/typescript/-/typescript-4.0.3.tgz",
      "integrity": "sha512-tEu6DGxGgRJPb/mVPIZ48e69xCn2yRmCgYmDugAVwmJ6o+0u1RI18eO7E7WBTLYLaEVVOhwQmcdhQHweux/WPg=="
    }
  }
}
